PODS:
  - CocoaLumberjack (2.2.0):
    - CocoaLumberjack/Default (= 2.2.0)
    - CocoaLumberjack/Extensions (= 2.2.0)
  - CocoaLumberjack/Core (2.2.0)
  - CocoaLumberjack/Default (2.2.0):
    - CocoaLumberjack/Core
  - CocoaLumberjack/Extensions (2.2.0):
    - CocoaLumberjack/Default
  - Expecta (1.0.5)
  - Expecta+Snapshots (3.0.0):
    - Expecta (~> 1.0)
    - FBSnapshotTestCase/Core (~> 2.0)
    - Specta (~> 1.0)
  - FBSnapshotTestCase (2.1.0):
    - FBSnapshotTestCase/SwiftSupport (= 2.1.0)
  - FBSnapshotTestCase/Core (2.1.0)
  - FBSnapshotTestCase/SwiftSupport (2.1.0):
    - FBSnapshotTestCase/Core
  - LycamPlusMsgSDK (0.1.0):
    - MQTTClient (~> 0.7.4)
    - MQTTClient/Websocket (~> 0.7.4)
  - MQTTClient (0.7.4):
    - MQTTClient/Core (= 0.7.4)
  - MQTTClient/Core (0.7.4):
    - CocoaLumberjack
  - MQTTClient/Websocket (0.7.4):
    - MQTTClient/Core
    - SocketRocket
  - SocketRocket (0.5.0)
  - Specta (1.0.5)

DEPENDENCIES:
  - Expecta
  - Expecta+Snapshots
  - FBSnapshotTestCase
  - LycamPlusMsgSDK (from `../`)
  - Specta

EXTERNAL SOURCES:
  LycamPlusMsgSDK:
    :path: ../

SPEC CHECKSUMS:
  CocoaLumberjack: 17fe8581f84914d5d7e6360f7c70022b173c3ae0
  Expecta: e1c022fcd33910b6be89c291d2775b3fe27a89fe
  Expecta+Snapshots: c343f410c7a6392f3e22e78f94c44b6c0749a516
  FBSnapshotTestCase: 366ecd378511d7716c79991cd8067d1eed23578d
  LycamPlusMsgSDK: c87624ebeb47353c665c65c61b24b1aeac0b7df4
  MQTTClient: 1c1bedf87249a317ee9324b93252867bbc443ec7
  SocketRocket: 2c51efccd2d73c99a923407ca4b06e7e9da95dbf
  Specta: ac94d110b865115fe60ff2c6d7281053c6f8e8a2

COCOAPODS: 0.38.2
